
Microsoft Visual Studio Solution File, Format Version 12.00
# Visual Studio 15
VisualStudioVersion = 15.0.27130.2020
MinimumVisualStudioVersion = 10.0.40219.1
Project("{9A19103F-16F7-4668-BE54-9A1E7A4F7556}") = "Noclegi", "Noclegi\Noclegi.csproj", "{79A7187E-1BE8-44CB-B3B9-BC5B4E8A647D}"
EndProject
Project("{9A19103F-16F7-4668-BE54-9A1E7A4F7556}") = "Noclegi.Tests", "Noclegi.Tests\Noclegi.Tests.csproj", "{4B29DFA2-C72B-4359-B51D-B6B4D670E766}"
EndProject
Project("{FAE04EC0-301F-11D3-BF4B-00C04F79EFBC}") = "Noclegi.CodedUI", "Noclegi.CodedUI\Noclegi.CodedUI.csproj", "{4ECA5186-6538-4755-AD9F-83907542FBF8}"
EndProject
Project("{FAE04EC0-301F-11D3-BF4B-00C04F79EFBC}") = "Noclegi.Selenium", "Noclegi.Selenium\Noclegi.Selenium.csproj", "{99482600-D303-4EC0-88DD-2D83681D731E}"
EndProject
Global
	GlobalSection(SolutionConfigurationPlatforms) = preSolution
		Debug|Any CPU = Debug|Any CPU
		Release|Any CPU = Release|Any CPU
	EndGlobalSection
	GlobalSection(ProjectConfigurationPlatforms) = postSolution
		{79A7187E-1BE8-44CB-B3B9-BC5B4E8A647D}.Debug|Any CPU.ActiveCfg = Debug|Any CPU
		{79A7187E-1BE8-44CB-B3B9-BC5B4E8A647D}.Debug|Any CPU.Build.0 = Debug|Any CPU
		{79A7187E-1BE8-44CB-B3B9-BC5B4E8A647D}.Release|Any CPU.ActiveCfg = Release|Any CPU
		{79A7187E-1BE8-44CB-B3B9-BC5B4E8A647D}.Release|Any CPU.Build.0 = Release|Any CPU
		{4B29DFA2-C72B-4359-B51D-B6B4D670E766}.Debug|Any CPU.ActiveCfg = Debug|Any CPU
		{4B29DFA2-C72B-4359-B51D-B6B4D670E766}.Debug|Any CPU.Build.0 = Debug|Any CPU
		{4B29DFA2-C72B-4359-B51D-B6B4D670E766}.Release|Any CPU.ActiveCfg = Release|Any CPU
		{4B29DFA2-C72B-4359-B51D-B6B4D670E766}.Release|Any CPU.Build.0 = Release|Any CPU
		{4ECA5186-6538-4755-AD9F-83907542FBF8}.Debug|Any CPU.ActiveCfg = Debug|Any CPU
		{4ECA5186-6538-4755-AD9F-83907542FBF8}.Debug|Any CPU.Build.0 = Debug|Any CPU
		{4ECA5186-6538-4755-AD9F-83907542FBF8}.Release|Any CPU.ActiveCfg = Release|Any CPU
		{4ECA5186-6538-4755-AD9F-83907542FBF8}.Release|Any CPU.Build.0 = Release|Any CPU
		{99482600-D303-4EC0-88DD-2D83681D731E}.Debug|Any CPU.ActiveCfg = Debug|Any CPU
		{99482600-D303-4EC0-88DD-2D83681D731E}.Debug|Any CPU.Build.0 = Debug|Any CPU
		{99482600-D303-4EC0-88DD-2D83681D731E}.Release|Any CPU.ActiveCfg = Release|Any CPU
		{99482600-D303-4EC0-88DD-2D83681D731E}.Release|Any CPU.Build.0 = Release|Any CPU
	EndGlobalSection
	GlobalSection(SolutionProperties) = preSolution
		HideSolutionNode = FALSE
	EndGlobalSection
	GlobalSection(ExtensibilityGlobals) = postSolution
		SolutionGuid = {2AF9F3F9-0C4A-47D0-A039-37C85443E3CA}
	EndGlobalSection
EndGlobal
